
Microsoft Visual Studio Solution File, Format Version 12.00
# Visual Studio Version 16
VisualStudioVersion = 16.0.29009.5
MinimumVisualStudioVersion = 10.0.40219.1
Project("{FAE04EC0-301F-11D3-BF4B-00C04F79EFBC}") = "Snake", "Snake\Snake.csproj", "{37FC5267-0F0D-410F-B317-00E59D97FBD5}"
EndProject
Global
	GlobalSection(SolutionConfigurationPlatforms) = preSolution
		Debug|Any CPU = Debug|Any CPU
		Debug|x86 = Debug|x86
		Release|Any CPU = Release|Any CPU
		Release|x86 = Release|x86
	EndGlobalSection
	GlobalSection(ProjectConfigurationPlatforms) = postSolution
		{37FC5267-0F0D-410F-B317-00E59D97FBD5}.Debug|Any CPU.ActiveCfg = Debug|Any CPU
		{37FC5267-0F0D-410F-B317-00E59D97FBD5}.Debug|Any CPU.Build.0 = Debug|Any CPU
		{37FC5267-0F0D-410F-B317-00E59D97FBD5}.Debug|x86.ActiveCfg = Debug|Any CPU
		{37FC5267-0F0D-410F-B317-00E59D97FBD5}.Debug|x86.Build.0 = Debug|Any CPU
		{37FC5267-0F0D-410F-B317-00E59D97FBD5}.Release|Any CPU.ActiveCfg = Release|Any CPU
		{37FC5267-0F0D-410F-B317-00E59D97FBD5}.Release|Any CPU.Build.0 = Release|Any CPU
		{37FC5267-0F0D-410F-B317-00E59D97FBD5}.Release|x86.ActiveCfg = Release|Any CPU
		{37FC5267-0F0D-410F-B317-00E59D97FBD5}.Release|x86.Build.0 = Release|Any CPU
	EndGlobalSection
	GlobalSection(SolutionProperties) = preSolution
		HideSolutionNode = FALSE
	EndGlobalSection
	GlobalSection(ExtensibilityGlobals) = postSolution
		SolutionGuid = {40B6E22C-B18F-4B1C-9233-B90074E5A5A5}
	EndGlobalSection
EndGlobal
